
Microsoft Visual Studio Solution File, Format Version 12.00
Project("{FAE04EC0-301F-11D3-BF4B-00C04F79EFBC}") = "UrlShortener.Api", "UrlShortener.Api\UrlShortener.Api.csproj", "{A3396DF3-6969-423F-8C9B-B26A1C96C0E4}"
EndProject
Global
	GlobalSection(SolutionConfigurationPlatforms) = preSolution
		Debug|Any CPU = Debug|Any CPU
		Release|Any CPU = Release|Any CPU
	EndGlobalSection
	GlobalSection(ProjectConfigurationPlatforms) = postSolution
		{A3396DF3-6969-423F-8C9B-B26A1C96C0E4}.Debug|Any CPU.ActiveCfg = Debug|Any CPU
		{A3396DF3-6969-423F-8C9B-B26A1C96C0E4}.Debug|Any CPU.Build.0 = Debug|Any CPU
		{A3396DF3-6969-423F-8C9B-B26A1C96C0E4}.Release|Any CPU.ActiveCfg = Release|Any CPU
		{A3396DF3-6969-423F-8C9B-B26A1C96C0E4}.Release|Any CPU.Build.0 = Release|Any CPU
	EndGlobalSection
EndGlobal
